
Microsoft Visual Studio Solution File, Format Version 12.00
# Visual Studio Version 17
VisualStudioVersion = 17.3.32901.215
MinimumVisualStudioVersion = 10.0.40219.1
Project("{FAE04EC0-301F-11D3-BF4B-00C04F79EFBC}") = "TP1-ORM-Vitek_Nicolas", "TP1-ORM-Vitek_Nicolas\TP1-ORM-Vitek_Nicolas.csproj", "{C3772B30-68ED-4364-A695-EAF223C3A9F7}"
EndProject
Global
	GlobalSection(SolutionConfigurationPlatforms) = preSolution
		Debug|Any CPU = Debug|Any CPU
		Release|Any CPU = Release|Any CPU
	EndGlobalSection
	GlobalSection(ProjectConfigurationPlatforms) = postSolution
		{C3772B30-68ED-4364-A695-EAF223C3A9F7}.Debug|Any CPU.ActiveCfg = Debug|Any CPU
		{C3772B30-68ED-4364-A695-EAF223C3A9F7}.Debug|Any CPU.Build.0 = Debug|Any CPU
		{C3772B30-68ED-4364-A695-EAF223C3A9F7}.Release|Any CPU.ActiveCfg = Release|Any CPU
		{C3772B30-68ED-4364-A695-EAF223C3A9F7}.Release|Any CPU.Build.0 = Release|Any CPU
	EndGlobalSection
	GlobalSection(SolutionProperties) = preSolution
		HideSolutionNode = FALSE
	EndGlobalSection
	GlobalSection(ExtensibilityGlobals) = postSolution
		SolutionGuid = {0B788CB1-1B35-4B22-ACBC-C1FD91ABFE51}
	EndGlobalSection
EndGlobal
